// !$*UTF8*$!
{
	archiveVersion = 1;
	classes = {
	};
	objectVersion = 56;
	objects = {

/* Begin PBXBuildFile section */
		5F0484412A37F83E00EAC290 /* ToDoListApp.swift in Sources */ = {isa = PBXBuildFile; fileRef = 5F0484402A37F83E00EAC290 /* ToDoListApp.swift */; };
		5F0484432A37F83E00EAC290 /* MainView.swift in Sources */ = {isa = PBXBuildFile; fileRef = 5F0484422A37F83E00EAC290 /* MainView.swift */; };
		5F0484452A37F83F00EAC290 /* Assets.xcassets in Resources */ = {isa = PBXBuildFile; fileRef = 5F0484442A37F83F00EAC290 /* Assets.xcassets */; };
		5F0484482A37F83F00EAC290 /* Preview Assets.xcassets in Resources */ = {isa = PBXBuildFile; fileRef = 5F0484472A37F83F00EAC290 /* Preview Assets.xcassets */; };
		5F0484522A37F83F00EAC290 /* ToDoListTests.swift in Sources */ = {isa = PBXBuildFile; fileRef = 5F0484512A37F83F00EAC290 /* ToDoListTests.swift */; };
		5F04845C2A37F83F00EAC290 /* ToDoListUITests.swift in Sources */ = {isa = PBXBuildFile; fileRef = 5F04845B2A37F83F00EAC290 /* ToDoListUITests.swift */; };
		5F04845E2A37F83F00EAC290 /* ToDoListUITestsLaunchTests.swift in Sources */ = {isa = PBXBuildFile; fileRef = 5F04845D2A37F83F00EAC290 /* ToDoListUITestsLaunchTests.swift */; };
		5F04846C2A37FADC00EAC290 /* FirebaseAuth in Frameworks */ = {isa = PBXBuildFile; productRef = 5F04846B2A37FADC00EAC290 /* FirebaseAuth */; };
		5F04846E2A37FADC00EAC290 /* FirebaseFirestore in Frameworks */ = {isa = PBXBuildFile; productRef = 5F04846D2A37FADC00EAC290 /* FirebaseFirestore */; };
		5F0484702A37FADC00EAC290 /* FirebaseFirestoreSwift in Frameworks */ = {isa = PBXBuildFile; productRef = 5F04846F2A37FADC00EAC290 /* FirebaseFirestoreSwift */; };
		5F0484722A37FC5F00EAC290 /* GoogleService-Info.plist in Resources */ = {isa = PBXBuildFile; fileRef = 5F0484712A37FC5E00EAC290 /* GoogleService-Info.plist */; };
		5F0484792A38020A00EAC290 /* ProfileView.swift in Sources */ = {isa = PBXBuildFile; fileRef = 5F0484782A38020A00EAC290 /* ProfileView.swift */; };
		5F04847B2A38023100EAC290 /* (Test)ToDoListView.swift in Sources */ = {isa = PBXBuildFile; fileRef = 5F04847A2A38023100EAC290 /* (Test)ToDoListView.swift */; };
		5F04847D2A38025900EAC290 /* (Test)NewItemView.swift in Sources */ = {isa = PBXBuildFile; fileRef = 5F04847C2A38025900EAC290 /* (Test)NewItemView.swift */; };
		5F04847F2A38027F00EAC290 /* LoginView.swift in Sources */ = {isa = PBXBuildFile; fileRef = 5F04847E2A38027F00EAC290 /* LoginView.swift */; };
		5F0484812A3802A400EAC290 /* RegisterView.swift in Sources */ = {isa = PBXBuildFile; fileRef = 5F0484802A3802A400EAC290 /* RegisterView.swift */; };
		5F0484832A38040600EAC290 /* (Test)ToDoListItemView.swift in Sources */ = {isa = PBXBuildFile; fileRef = 5F0484822A38040600EAC290 /* (Test)ToDoListItemView.swift */; };
		5F0484852A38048300EAC290 /* User.swift in Sources */ = {isa = PBXBuildFile; fileRef = 5F0484842A38048300EAC290 /* User.swift */; };
		5F0484872A3804A100EAC290 /* ToDoListItem.swift in Sources */ = {isa = PBXBuildFile; fileRef = 5F0484862A3804A100EAC290 /* ToDoListItem.swift */; };
		5F0484892A38056D00EAC290 /* MainViewViewModel.swift in Sources */ = {isa = PBXBuildFile; fileRef = 5F0484882A38056D00EAC290 /* MainViewViewModel.swift */; };
		5F04848B2A38058900EAC290 /* ProfileViewViewModel.swift in Sources */ = {isa = PBXBuildFile; fileRef = 5F04848A2A38058900EAC290 /* ProfileViewViewModel.swift */; };
		5F04848D2A3805A000EAC290 /* (Test)ToDoListViewViewModel.swift in Sources */ = {isa = PBXBuildFile; fileRef = 5F04848C2A3805A000EAC290 /* (Test)ToDoListViewViewModel.swift */; };
		5F04848F2A3805B800EAC290 /* (Test)NewItemViewViewModel.swift in Sources */ = {isa = PBXBuildFile; fileRef = 5F04848E2A3805B800EAC290 /* (Test)NewItemViewViewModel.swift */; };
		5F0484912A3805D500EAC290 /* LoginViewViewModel.swift in Sources */ = {isa = PBXBuildFile; fileRef = 5F0484902A3805D500EAC290 /* LoginViewViewModel.swift */; };
		5F0484932A3805E600EAC290 /* RegisterViewViewModel.swift in Sources */ = {isa = PBXBuildFile; fileRef = 5F0484922A3805E600EAC290 /* RegisterViewViewModel.swift */; };
		5F0484952A3805FA00EAC290 /* (Test)ToDoListItemViewViewModel.swift in Sources */ = {isa = PBXBuildFile; fileRef = 5F0484942A3805FA00EAC290 /* (Test)ToDoListItemViewViewModel.swift */; };
		5F0484972A380B5500EAC290 /* HeaderView.swift in Sources */ = {isa = PBXBuildFile; fileRef = 5F0484962A380B5500EAC290 /* HeaderView.swift */; };
		5F0484992A394AF200EAC290 /* TLButton.swift in Sources */ = {isa = PBXBuildFile; fileRef = 5F0484982A394AF200EAC290 /* TLButton.swift */; };
		5F194E1A2A40E37100F315F1 /* Helper.swift in Sources */ = {isa = PBXBuildFile; fileRef = 5F194E192A40E37100F315F1 /* Helper.swift */; };
		5F194E302A414A8900F315F1 /* AllListingsView.swift in Sources */ = {isa = PBXBuildFile; fileRef = 5F194E2F2A414A8900F315F1 /* AllListingsView.swift */; };
		5F194E322A414ACA00F315F1 /* AllListingsViewModel.swift in Sources */ = {isa = PBXBuildFile; fileRef = 5F194E312A414ACA00F315F1 /* AllListingsViewModel.swift */; };
		5F194E342A41588F00F315F1 /* Listing.swift in Sources */ = {isa = PBXBuildFile; fileRef = 5F194E332A41588F00F315F1 /* Listing.swift */; };
		5F6762402A4DC020009D08C0 /* ProfilePicView.swift in Sources */ = {isa = PBXBuildFile; fileRef = 5F67623F2A4DC020009D08C0 /* ProfilePicView.swift */; };
		5F6762422A4DC490009D08C0 /* ProfilePicViewModel.swift in Sources */ = {isa = PBXBuildFile; fileRef = 5F6762412A4DC48F009D08C0 /* ProfilePicViewModel.swift */; };
		5F76D89C2A45FC990098094B /* SingleListingViewModel.swift in Sources */ = {isa = PBXBuildFile; fileRef = 5F76D89B2A45FC990098094B /* SingleListingViewModel.swift */; };
		5F76D89E2A45FCAA0098094B /* SingleListingView.swift in Sources */ = {isa = PBXBuildFile; fileRef = 5F76D89D2A45FCAA0098094B /* SingleListingView.swift */; };
		5F8740012A536F6900ED114F /* NewSessionView.swift in Sources */ = {isa = PBXBuildFile; fileRef = 5F8740002A536F6900ED114F /* NewSessionView.swift */; };
		5F8740032A536F7700ED114F /* NewSessionViewModel.swift in Sources */ = {isa = PBXBuildFile; fileRef = 5F8740022A536F7700ED114F /* NewSessionViewModel.swift */; };
		5FBA66CC2A58BCE000EDC370 /* SingleSessionView.swift in Sources */ = {isa = PBXBuildFile; fileRef = 5FBA66CB2A58BCE000EDC370 /* SingleSessionView.swift */; };
		5FBA66CE2A58BCF600EDC370 /* SingleSessionViewModel.swift in Sources */ = {isa = PBXBuildFile; fileRef = 5FBA66CD2A58BCF600EDC370 /* SingleSessionViewModel.swift */; };
		5FBC3DB12A3C0D4F004AE2BE /* Extensions.swift in Sources */ = {isa = PBXBuildFile; fileRef = 5FBC3DB02A3C0D4F004AE2BE /* Extensions.swift */; };
		5FBC3DB32A3E9762004AE2BE /* Launch Screen.storyboard in Resources */ = {isa = PBXBuildFile; fileRef = 5FBC3DB22A3E9762004AE2BE /* Launch Screen.storyboard */; };
		5FEE92362A54EB22001BA995 /* Session.swift in Sources */ = {isa = PBXBuildFile; fileRef = 5FEE92352A54EB22001BA995 /* Session.swift */; };
		5FEE923C2A550EC3001BA995 /* CountdownView in Frameworks */ = {isa = PBXBuildFile; productRef = 5FEE923B2A550EC3001BA995 /* CountdownView */; };
		5FEE923E2A550F72001BA995 /* TimerView.swift in Sources */ = {isa = PBXBuildFile; fileRef = 5FEE923D2A550F72001BA995 /* TimerView.swift */; };
		5FEE92402A551274001BA995 /* TimerViewModel.swift in Sources */ = {isa = PBXBuildFile; fileRef = 5FEE923F2A551274001BA995 /* TimerViewModel.swift */; };
		5FF0D73A2A4F54A8004FC0F9 /* FirebaseStorage in Frameworks */ = {isa = PBXBuildFile; productRef = 5FF0D7392A4F54A8004FC0F9 /* FirebaseStorage */; };
		5FF883032A58CB8700EC8A50 /* AllSessionView.swift in Sources */ = {isa = PBXBuildFile; fileRef = 5FF883022A58CB8700EC8A50 /* AllSessionView.swift */; };
		5FF883052A58CBA100EC8A50 /* AllSessionViewModel.swift in Sources */ = {isa = PBXBuildFile; fileRef = 5FF883042A58CBA100EC8A50 /* AllSessionViewModel.swift */; };
/* End PBXBuildFile section */

/* Begin PBXContainerItemProxy section */
		5F04844E2A37F83F00EAC290 /* PBXContainerItemProxy */ = {
			isa = PBXContainerItemProxy;
			containerPortal = 5F0484352A37F83E00EAC290 /* Project object */;
			proxyType = 1;
			remoteGlobalIDString = 5F04843C2A37F83E00EAC290;
			remoteInfo = ToDoList;
		};
		5F0484582A37F83F00EAC290 /* PBXContainerItemProxy */ = {
			isa = PBXContainerItemProxy;
			containerPortal = 5F0484352A37F83E00EAC290 /* Project object */;
			proxyType = 1;
			remoteGlobalIDString = 5F04843C2A37F83E00EAC290;
			remoteInfo = ToDoList;
		};
/* End PBXContainerItemProxy section */

/* Begin PBXFileReference section */
		5F04843D2A37F83E00EAC290 /* HouseScrapping.app */ = {isa = PBXFileReference; explicitFileType = wrapper.application; includeInIndex = 0; path = HouseScrapping.app; sourceTree = BUILT_PRODUCTS_DIR; };
		5F0484402A37F83E00EAC290 /* ToDoListApp.swift */ = {isa = PBXFileReference; lastKnownFileType = sourcecode.swift; path = ToDoListApp.swift; sourceTree = "<group>"; };
		5F0484422A37F83E00EAC290 /* MainView.swift */ = {isa = PBXFileReference; lastKnownFileType = sourcecode.swift; path = MainView.swift; sourceTree = "<group>"; };
		5F0484442A37F83F00EAC290 /* Assets.xcassets */ = {isa = PBXFileReference; lastKnownFileType = folder.assetcatalog; path = Assets.xcassets; sourceTree = "<group>"; };
		5F0484472A37F83F00EAC290 /* Preview Assets.xcassets */ = {isa = PBXFileReference; lastKnownFileType = folder.assetcatalog; path = "Preview Assets.xcassets"; sourceTree = "<group>"; };
		5F04844D2A37F83F00EAC290 /* HouseScrappingTests.xctest */ = {isa = PBXFileReference; explicitFileType = wrapper.cfbundle; includeInIndex = 0; path = HouseScrappingTests.xctest; sourceTree = BUILT_PRODUCTS_DIR; };
		5F0484512A37F83F00EAC290 /* ToDoListTests.swift */ = {isa = PBXFileReference; lastKnownFileType = sourcecode.swift; path = ToDoListTests.swift; sourceTree = "<group>"; };
		5F0484572A37F83F00EAC290 /* HouseScrappingUITests.xctest */ = {isa = PBXFileReference; explicitFileType = wrapper.cfbundle; includeInIndex = 0; path = HouseScrappingUITests.xctest; sourceTree = BUILT_PRODUCTS_DIR; };
		5F04845B2A37F83F00EAC290 /* ToDoListUITests.swift */ = {isa = PBXFileReference; lastKnownFileType = sourcecode.swift; path = ToDoListUITests.swift; sourceTree = "<group>"; };
		5F04845D2A37F83F00EAC290 /* ToDoListUITestsLaunchTests.swift */ = {isa = PBXFileReference; lastKnownFileType = sourcecode.swift; path = ToDoListUITestsLaunchTests.swift; sourceTree = "<group>"; };
		5F0484712A37FC5E00EAC290 /* GoogleService-Info.plist */ = {isa = PBXFileReference; fileEncoding = 4; lastKnownFileType = text.plist.xml; path = "GoogleService-Info.plist"; sourceTree = "<group>"; };
		5F0484782A38020A00EAC290 /* ProfileView.swift */ = {isa = PBXFileReference; lastKnownFileType = sourcecode.swift; path = ProfileView.swift; sourceTree = "<group>"; };
		5F04847A2A38023100EAC290 /* (Test)ToDoListView.swift */ = {isa = PBXFileReference; lastKnownFileType = sourcecode.swift; path = "(Test)ToDoListView.swift"; sourceTree = "<group>"; };
		5F04847C2A38025900EAC290 /* (Test)NewItemView.swift */ = {isa = PBXFileReference; lastKnownFileType = sourcecode.swift; path = "(Test)NewItemView.swift"; sourceTree = "<group>"; };
		5F04847E2A38027F00EAC290 /* LoginView.swift */ = {isa = PBXFileReference; lastKnownFileType = sourcecode.swift; path = LoginView.swift; sourceTree = "<group>"; };
		5F0484802A3802A400EAC290 /* RegisterView.swift */ = {isa = PBXFileReference; lastKnownFileType = sourcecode.swift; path = RegisterView.swift; sourceTree = "<group>"; };
		5F0484822A38040600EAC290 /* (Test)ToDoListItemView.swift */ = {isa = PBXFileReference; lastKnownFileType = sourcecode.swift; path = "(Test)ToDoListItemView.swift"; sourceTree = "<group>"; };
		5F0484842A38048300EAC290 /* User.swift */ = {isa = PBXFileReference; lastKnownFileType = sourcecode.swift; path = User.swift; sourceTree = "<group>"; };
		5F0484862A3804A100EAC290 /* ToDoListItem.swift */ = {isa = PBXFileReference; lastKnownFileType = sourcecode.swift; path = ToDoListItem.swift; sourceTree = "<group>"; };
		5F0484882A38056D00EAC290 /* MainViewViewModel.swift */ = {isa = PBXFileReference; lastKnownFileType = sourcecode.swift; path = MainViewViewModel.swift; sourceTree = "<group>"; };
		5F04848A2A38058900EAC290 /* ProfileViewViewModel.swift */ = {isa = PBXFileReference; lastKnownFileType = sourcecode.swift; path = ProfileViewViewModel.swift; sourceTree = "<group>"; };
		5F04848C2A3805A000EAC290 /* (Test)ToDoListViewViewModel.swift */ = {isa = PBXFileReference; lastKnownFileType = sourcecode.swift; path = "(Test)ToDoListViewViewModel.swift"; sourceTree = "<group>"; };
		5F04848E2A3805B800EAC290 /* (Test)NewItemViewViewModel.swift */ = {isa = PBXFileReference; lastKnownFileType = sourcecode.swift; path = "(Test)NewItemViewViewModel.swift"; sourceTree = "<group>"; };
		5F0484902A3805D500EAC290 /* LoginViewViewModel.swift */ = {isa = PBXFileReference; lastKnownFileType = sourcecode.swift; path = LoginViewViewModel.swift; sourceTree = "<group>"; };
		5F0484922A3805E600EAC290 /* RegisterViewViewModel.swift */ = {isa = PBXFileReference; lastKnownFileType = sourcecode.swift; path = RegisterViewViewModel.swift; sourceTree = "<group>"; };
		5F0484942A3805FA00EAC290 /* (Test)ToDoListItemViewViewModel.swift */ = {isa = PBXFileReference; lastKnownFileType = sourcecode.swift; path = "(Test)ToDoListItemViewViewModel.swift"; sourceTree = "<group>"; };
		5F0484962A380B5500EAC290 /* HeaderView.swift */ = {isa = PBXFileReference; lastKnownFileType = sourcecode.swift; path = HeaderView.swift; sourceTree = "<group>"; };
		5F0484982A394AF200EAC290 /* TLButton.swift */ = {isa = PBXFileReference; lastKnownFileType = sourcecode.swift; path = TLButton.swift; sourceTree = "<group>"; };
		5F194E192A40E37100F315F1 /* Helper.swift */ = {isa = PBXFileReference; lastKnownFileType = sourcecode.swift; path = Helper.swift; sourceTree = "<group>"; };
		5F194E2F2A414A8900F315F1 /* AllListingsView.swift */ = {isa = PBXFileReference; lastKnownFileType = sourcecode.swift; path = AllListingsView.swift; sourceTree = "<group>"; };
		5F194E312A414ACA00F315F1 /* AllListingsViewModel.swift */ = {isa = PBXFileReference; lastKnownFileType = sourcecode.swift; path = AllListingsViewModel.swift; sourceTree = "<group>"; };
		5F194E332A41588F00F315F1 /* Listing.swift */ = {isa = PBXFileReference; lastKnownFileType = sourcecode.swift; path = Listing.swift; sourceTree = "<group>"; };
		5F67623F2A4DC020009D08C0 /* ProfilePicView.swift */ = {isa = PBXFileReference; lastKnownFileType = sourcecode.swift; path = ProfilePicView.swift; sourceTree = "<group>"; };
		5F6762412A4DC48F009D08C0 /* ProfilePicViewModel.swift */ = {isa = PBXFileReference; lastKnownFileType = sourcecode.swift; path = ProfilePicViewModel.swift; sourceTree = "<group>"; };
		5F76D89B2A45FC990098094B /* SingleListingViewModel.swift */ = {isa = PBXFileReference; lastKnownFileType = sourcecode.swift; path = SingleListingViewModel.swift; sourceTree = "<group>"; };
		5F76D89D2A45FCAA0098094B /* SingleListingView.swift */ = {isa = PBXFileReference; lastKnownFileType = sourcecode.swift; path = SingleListingView.swift; sourceTree = "<group>"; };
		5F8740002A536F6900ED114F /* NewSessionView.swift */ = {isa = PBXFileReference; lastKnownFileType = sourcecode.swift; path = NewSessionView.swift; sourceTree = "<group>"; };
		5F8740022A536F7700ED114F /* NewSessionViewModel.swift */ = {isa = PBXFileReference; lastKnownFileType = sourcecode.swift; path = NewSessionViewModel.swift; sourceTree = "<group>"; };
		5FBA66CB2A58BCE000EDC370 /* SingleSessionView.swift */ = {isa = PBXFileReference; lastKnownFileType = sourcecode.swift; path = SingleSessionView.swift; sourceTree = "<group>"; };
		5FBA66CD2A58BCF600EDC370 /* SingleSessionViewModel.swift */ = {isa = PBXFileReference; lastKnownFileType = sourcecode.swift; path = SingleSessionViewModel.swift; sourceTree = "<group>"; };
		5FBC3DB02A3C0D4F004AE2BE /* Extensions.swift */ = {isa = PBXFileReference; lastKnownFileType = sourcecode.swift; path = Extensions.swift; sourceTree = "<group>"; };
		5FBC3DB22A3E9762004AE2BE /* Launch Screen.storyboard */ = {isa = PBXFileReference; lastKnownFileType = file.storyboard; path = "Launch Screen.storyboard"; sourceTree = "<group>"; };
		5FEE92352A54EB22001BA995 /* Session.swift */ = {isa = PBXFileReference; lastKnownFileType = sourcecode.swift; path = Session.swift; sourceTree = "<group>"; };
		5FEE923D2A550F72001BA995 /* TimerView.swift */ = {isa = PBXFileReference; lastKnownFileType = sourcecode.swift; path = TimerView.swift; sourceTree = "<group>"; };
		5FEE923F2A551274001BA995 /* TimerViewModel.swift */ = {isa = PBXFileReference; lastKnownFileType = sourcecode.swift; path = TimerViewModel.swift; sourceTree = "<group>"; };
		5FF883022A58CB8700EC8A50 /* AllSessionView.swift */ = {isa = PBXFileReference; lastKnownFileType = sourcecode.swift; path = AllSessionView.swift; sourceTree = "<group>"; };
		5FF883042A58CBA100EC8A50 /* AllSessionViewModel.swift */ = {isa = PBXFileReference; lastKnownFileType = sourcecode.swift; path = AllSessionViewModel.swift; sourceTree = "<group>"; };
/* End PBXFileReference section */

/* Begin PBXFrameworksBuildPhase section */
		5F04843A2A37F83E00EAC290 /* Frameworks */ = {
			isa = PBXFrameworksBuildPhase;
			buildActionMask = 2147483647;
			files = (
				5F04846C2A37FADC00EAC290 /* FirebaseAuth in Frameworks */,
				5FEE923C2A550EC3001BA995 /* CountdownView in Frameworks */,
				5FF0D73A2A4F54A8004FC0F9 /* FirebaseStorage in Frameworks */,
				5F04846E2A37FADC00EAC290 /* FirebaseFirestore in Frameworks */,
				5F0484702A37FADC00EAC290 /* FirebaseFirestoreSwift in Frameworks */,
			);
			runOnlyForDeploymentPostprocessing = 0;
		};
		5F04844A2A37F83F00EAC290 /* Frameworks */ = {
			isa = PBXFrameworksBuildPhase;
			buildActionMask = 2147483647;
			files = (
			);
			runOnlyForDeploymentPostprocessing = 0;
		};
		5F0484542A37F83F00EAC290 /* Frameworks */ = {
			isa = PBXFrameworksBuildPhase;
			buildActionMask = 2147483647;
			files = (
			);
			runOnlyForDeploymentPostprocessing = 0;
		};
/* End PBXFrameworksBuildPhase section */

/* Begin PBXGroup section */
		5F0484342A37F83E00EAC290 = {
			isa = PBXGroup;
			children = (
				5F04843F2A37F83E00EAC290 /* HouseScrapping */,
				5F04845A2A37F83F00EAC290 /* HouseScrappingUITests */,
				5F0484502A37F83F00EAC290 /* HouseScrappingTests */,
				5F04843E2A37F83E00EAC290 /* Products */,
			);
			sourceTree = "<group>";
		};
		5F04843E2A37F83E00EAC290 /* Products */ = {
			isa = PBXGroup;
			children = (
				5F04843D2A37F83E00EAC290 /* HouseScrapping.app */,
				5F04844D2A37F83F00EAC290 /* HouseScrappingTests.xctest */,
				5F0484572A37F83F00EAC290 /* HouseScrappingUITests.xctest */,
			);
			name = Products;
			sourceTree = "<group>";
		};
		5F04843F2A37F83E00EAC290 /* HouseScrapping */ = {
			isa = PBXGroup;
			children = (
				5F0484772A37FFED00EAC290 /* Other */,
				5F0484762A37FFCB00EAC290 /* Models */,
				5F0484752A37FFAA00EAC290 /* ViewModels */,
				5F0484742A37FF9100EAC290 /* Views */,
				5F0484462A37F83F00EAC290 /* Preview Content */,
			);
			path = HouseScrapping;
			sourceTree = "<group>";
		};
		5F0484462A37F83F00EAC290 /* Preview Content */ = {
			isa = PBXGroup;
			children = (
				5F0484472A37F83F00EAC290 /* Preview Assets.xcassets */,
			);
			path = "Preview Content";
			sourceTree = "<group>";
		};
		5F0484502A37F83F00EAC290 /* HouseScrappingTests */ = {
			isa = PBXGroup;
			children = (
				5F0484512A37F83F00EAC290 /* ToDoListTests.swift */,
			);
			path = HouseScrappingTests;
			sourceTree = "<group>";
		};
		5F04845A2A37F83F00EAC290 /* HouseScrappingUITests */ = {
			isa = PBXGroup;
			children = (
				5F04845B2A37F83F00EAC290 /* ToDoListUITests.swift */,
				5F04845D2A37F83F00EAC290 /* ToDoListUITestsLaunchTests.swift */,
			);
			path = HouseScrappingUITests;
			sourceTree = "<group>";
		};
		5F0484742A37FF9100EAC290 /* Views */ = {
			isa = PBXGroup;
			children = (
				5F0484422A37F83E00EAC290 /* MainView.swift */,
				5F0484782A38020A00EAC290 /* ProfileView.swift */,
				5F04847A2A38023100EAC290 /* (Test)ToDoListView.swift */,
				5F04847C2A38025900EAC290 /* (Test)NewItemView.swift */,
				5F04847E2A38027F00EAC290 /* LoginView.swift */,
				5F0484802A3802A400EAC290 /* RegisterView.swift */,
				5F0484822A38040600EAC290 /* (Test)ToDoListItemView.swift */,
				5F0484962A380B5500EAC290 /* HeaderView.swift */,
				5F0484982A394AF200EAC290 /* TLButton.swift */,
				5F194E2F2A414A8900F315F1 /* AllListingsView.swift */,
				5F76D89D2A45FCAA0098094B /* SingleListingView.swift */,
				5F67623F2A4DC020009D08C0 /* ProfilePicView.swift */,
				5F8740002A536F6900ED114F /* NewSessionView.swift */,
				5FEE923D2A550F72001BA995 /* TimerView.swift */,
				5FBA66CB2A58BCE000EDC370 /* SingleSessionView.swift */,
				5FF883022A58CB8700EC8A50 /* AllSessionView.swift */,
			);
			path = Views;
			sourceTree = "<group>";
		};
		5F0484752A37FFAA00EAC290 /* ViewModels */ = {
			isa = PBXGroup;
			children = (
				5F0484882A38056D00EAC290 /* MainViewViewModel.swift */,
				5F04848A2A38058900EAC290 /* ProfileViewViewModel.swift */,
				5F04848C2A3805A000EAC290 /* (Test)ToDoListViewViewModel.swift */,
				5F04848E2A3805B800EAC290 /* (Test)NewItemViewViewModel.swift */,
				5F0484902A3805D500EAC290 /* LoginViewViewModel.swift */,
				5F0484922A3805E600EAC290 /* RegisterViewViewModel.swift */,
				5F0484942A3805FA00EAC290 /* (Test)ToDoListItemViewViewModel.swift */,
				5F194E312A414ACA00F315F1 /* AllListingsViewModel.swift */,
				5F76D89B2A45FC990098094B /* SingleListingViewModel.swift */,
				5F6762412A4DC48F009D08C0 /* ProfilePicViewModel.swift */,
				5F8740022A536F7700ED114F /* NewSessionViewModel.swift */,
				5FEE923F2A551274001BA995 /* TimerViewModel.swift */,
				5FBA66CD2A58BCF600EDC370 /* SingleSessionViewModel.swift */,
				5FF883042A58CBA100EC8A50 /* AllSessionViewModel.swift */,
			);
			path = ViewModels;
			sourceTree = "<group>";
		};
		5F0484762A37FFCB00EAC290 /* Models */ = {
			isa = PBXGroup;
			children = (
				5F0484842A38048300EAC290 /* User.swift */,
				5F0484862A3804A100EAC290 /* ToDoListItem.swift */,
				5F194E192A40E37100F315F1 /* Helper.swift */,
				5F194E332A41588F00F315F1 /* Listing.swift */,
				5FEE92352A54EB22001BA995 /* Session.swift */,
			);
			path = Models;
			sourceTree = "<group>";
		};
		5F0484772A37FFED00EAC290 /* Other */ = {
			isa = PBXGroup;
			children = (
				5F0484442A37F83F00EAC290 /* Assets.xcassets */,
				5F0484712A37FC5E00EAC290 /* GoogleService-Info.plist */,
				5F0484402A37F83E00EAC290 /* ToDoListApp.swift */,
				5FBC3DB02A3C0D4F004AE2BE /* Extensions.swift */,
				5FBC3DB22A3E9762004AE2BE /* Launch Screen.storyboard */,
			);
			path = Other;
			sourceTree = "<group>";
		};
/* End PBXGroup section */

/* Begin PBXNativeTarget section */
		5F04843C2A37F83E00EAC290 /* HouseScrapping */ = {
			isa = PBXNativeTarget;
			buildConfigurationList = 5F0484612A37F83F00EAC290 /* Build configuration list for PBXNativeTarget "HouseScrapping" */;
			buildPhases = (
				5F0484392A37F83E00EAC290 /* Sources */,
				5F04843A2A37F83E00EAC290 /* Frameworks */,
				5F04843B2A37F83E00EAC290 /* Resources */,
			);
			buildRules = (
			);
			dependencies = (
			);
			name = HouseScrapping;
			packageProductDependencies = (
				5F04846B2A37FADC00EAC290 /* FirebaseAuth */,
				5F04846D2A37FADC00EAC290 /* FirebaseFirestore */,
				5F04846F2A37FADC00EAC290 /* FirebaseFirestoreSwift */,
				5FF0D7392A4F54A8004FC0F9 /* FirebaseStorage */,
				5FEE923B2A550EC3001BA995 /* CountdownView */,
			);
			productName = ToDoList;
			productReference = 5F04843D2A37F83E00EAC290 /* HouseScrapping.app */;
			productType = "com.apple.product-type.application";
		};
		5F04844C2A37F83F00EAC290 /* HouseScrappingTests */ = {
			isa = PBXNativeTarget;
			buildConfigurationList = 5F0484642A37F83F00EAC290 /* Build configuration list for PBXNativeTarget "HouseScrappingTests" */;
			buildPhases = (
				5F0484492A37F83F00EAC290 /* Sources */,
				5F04844A2A37F83F00EAC290 /* Frameworks */,
				5F04844B2A37F83F00EAC290 /* Resources */,
			);
			buildRules = (
			);
			dependencies = (
				5F04844F2A37F83F00EAC290 /* PBXTargetDependency */,
			);
			name = HouseScrappingTests;
			productName = ToDoListTests;
			productReference = 5F04844D2A37F83F00EAC290 /* HouseScrappingTests.xctest */;
			productType = "com.apple.product-type.bundle.unit-test";
		};
		5F0484562A37F83F00EAC290 /* HouseScrappingUITests */ = {
			isa = PBXNativeTarget;
			buildConfigurationList = 5F0484672A37F83F00EAC290 /* Build configuration list for PBXNativeTarget "HouseScrappingUITests" */;
			buildPhases = (
				5F0484532A37F83F00EAC290 /* Sources */,
				5F0484542A37F83F00EAC290 /* Frameworks */,
				5F0484552A37F83F00EAC290 /* Resources */,
			);
			buildRules = (
			);
			dependencies = (
				5F0484592A37F83F00EAC290 /* PBXTargetDependency */,
			);
			name = HouseScrappingUITests;
			productName = ToDoListUITests;
			productReference = 5F0484572A37F83F00EAC290 /* HouseScrappingUITests.xctest */;
			productType = "com.apple.product-type.bundle.ui-testing";
		};
/* End PBXNativeTarget section */

/* Begin PBXProject section */
		5F0484352A37F83E00EAC290 /* Project object */ = {
			isa = PBXProject;
			attributes = {
				BuildIndependentTargetsInParallel = 1;
				LastSwiftUpdateCheck = 1420;
				LastUpgradeCheck = 1420;
				TargetAttributes = {
					5F04843C2A37F83E00EAC290 = {
						CreatedOnToolsVersion = 14.2;
					};
					5F04844C2A37F83F00EAC290 = {
						CreatedOnToolsVersion = 14.2;
						TestTargetID = 5F04843C2A37F83E00EAC290;
					};
					5F0484562A37F83F00EAC290 = {
						CreatedOnToolsVersion = 14.2;
						TestTargetID = 5F04843C2A37F83E00EAC290;
					};
				};
			};
			buildConfigurationList = 5F0484382A37F83E00EAC290 /* Build configuration list for PBXProject "HouseScrapping" */;
			compatibilityVersion = "Xcode 14.0";
			developmentRegion = en;
			hasScannedForEncodings = 0;
			knownRegions = (
				en,
				Base,
			);
			mainGroup = 5F0484342A37F83E00EAC290;
			packageReferences = (
				5F04846A2A37FADB00EAC290 /* XCRemoteSwiftPackageReference "firebase-ios-sdk" */,
				5FEE923A2A550EC3001BA995 /* XCRemoteSwiftPackageReference "CountdownView" */,
			);
			productRefGroup = 5F04843E2A37F83E00EAC290 /* Products */;
			projectDirPath = "";
			projectRoot = "";
			targets = (
				5F04843C2A37F83E00EAC290 /* HouseScrapping */,
				5F04844C2A37F83F00EAC290 /* HouseScrappingTests */,
				5F0484562A37F83F00EAC290 /* HouseScrappingUITests */,
			);
		};
/* End PBXProject section */

/* Begin PBXResourcesBuildPhase section */
		5F04843B2A37F83E00EAC290 /* Resources */ = {
			isa = PBXResourcesBuildPhase;
			buildActionMask = 2147483647;
			files = (
				5F0484482A37F83F00EAC290 /* Preview Assets.xcassets in Resources */,
				5F0484452A37F83F00EAC290 /* Assets.xcassets in Resources */,
				5FBC3DB32A3E9762004AE2BE /* Launch Screen.storyboard in Resources */,
				5F0484722A37FC5F00EAC290 /* GoogleService-Info.plist in Resources */,
			);
			runOnlyForDeploymentPostprocessing = 0;
		};
		5F04844B2A37F83F00EAC290 /* Resources */ = {
			isa = PBXResourcesBuildPhase;
			buildActionMask = 2147483647;
			files = (
			);
			runOnlyForDeploymentPostprocessing = 0;
		};
		5F0484552A37F83F00EAC290 /* Resources */ = {
			isa = PBXResourcesBuildPhase;
			buildActionMask = 2147483647;
			files = (
			);
			runOnlyForDeploymentPostprocessing = 0;
		};
/* End PBXResourcesBuildPhase section */

/* Begin PBXSourcesBuildPhase section */
		5F0484392A37F83E00EAC290 /* Sources */ = {
			isa = PBXSourcesBuildPhase;
			buildActionMask = 2147483647;
			files = (
				5F04847F2A38027F00EAC290 /* LoginView.swift in Sources */,
				5F0484972A380B5500EAC290 /* HeaderView.swift in Sources */,
				5F0484432A37F83E00EAC290 /* MainView.swift in Sources */,
				5FF883032A58CB8700EC8A50 /* AllSessionView.swift in Sources */,
				5FBA66CE2A58BCF600EDC370 /* SingleSessionViewModel.swift in Sources */,
				5FEE92402A551274001BA995 /* TimerViewModel.swift in Sources */,
				5F8740012A536F6900ED114F /* NewSessionView.swift in Sources */,
				5FEE923E2A550F72001BA995 /* TimerView.swift in Sources */,
				5F76D89E2A45FCAA0098094B /* SingleListingView.swift in Sources */,
				5F0484932A3805E600EAC290 /* RegisterViewViewModel.swift in Sources */,
				5F0484892A38056D00EAC290 /* MainViewViewModel.swift in Sources */,
				5F04847B2A38023100EAC290 /* (Test)ToDoListView.swift in Sources */,
				5F0484812A3802A400EAC290 /* RegisterView.swift in Sources */,
				5F0484992A394AF200EAC290 /* TLButton.swift in Sources */,
				5F04848B2A38058900EAC290 /* ProfileViewViewModel.swift in Sources */,
				5F6762422A4DC490009D08C0 /* ProfilePicViewModel.swift in Sources */,
				5F8740032A536F7700ED114F /* NewSessionViewModel.swift in Sources */,
				5F0484792A38020A00EAC290 /* ProfileView.swift in Sources */,
				5F194E322A414ACA00F315F1 /* AllListingsViewModel.swift in Sources */,
				5FBA66CC2A58BCE000EDC370 /* SingleSessionView.swift in Sources */,
				5F0484852A38048300EAC290 /* User.swift in Sources */,
				5F194E302A414A8900F315F1 /* AllListingsView.swift in Sources */,
				5F0484832A38040600EAC290 /* (Test)ToDoListItemView.swift in Sources */,
				5F04848D2A3805A000EAC290 /* (Test)ToDoListViewViewModel.swift in Sources */,
				5FEE92362A54EB22001BA995 /* Session.swift in Sources */,
				5F0484912A3805D500EAC290 /* LoginViewViewModel.swift in Sources */,
				5F194E342A41588F00F315F1 /* Listing.swift in Sources */,
				5F0484412A37F83E00EAC290 /* ToDoListApp.swift in Sources */,
				5FBC3DB12A3C0D4F004AE2BE /* Extensions.swift in Sources */,
				5F0484872A3804A100EAC290 /* ToDoListItem.swift in Sources */,
				5F04847D2A38025900EAC290 /* (Test)NewItemView.swift in Sources */,
				5F04848F2A3805B800EAC290 /* (Test)NewItemViewViewModel.swift in Sources */,
				5F0484952A3805FA00EAC290 /* (Test)ToDoListItemViewViewModel.swift in Sources */,
				5FF883052A58CBA100EC8A50 /* AllSessionViewModel.swift in Sources */,
				5F6762402A4DC020009D08C0 /* ProfilePicView.swift in Sources */,
				5F194E1A2A40E37100F315F1 /* Helper.swift in Sources */,
				5F76D89C2A45FC990098094B /* SingleListingViewModel.swift in Sources */,
			);
			runOnlyForDeploymentPostprocessing = 0;
		};
		5F0484492A37F83F00EAC290 /* Sources */ = {
			isa = PBXSourcesBuildPhase;
			buildActionMask = 2147483647;
			files = (
				5F0484522A37F83F00EAC290 /* ToDoListTests.swift in Sources */,
			);
			runOnlyForDeploymentPostprocessing = 0;
		};
		5F0484532A37F83F00EAC290 /* Sources */ = {
			isa = PBXSourcesBuildPhase;
			buildActionMask = 2147483647;
			files = (
				5F04845E2A37F83F00EAC290 /* ToDoListUITestsLaunchTests.swift in Sources */,
				5F04845C2A37F83F00EAC290 /* ToDoListUITests.swift in Sources */,
			);
			runOnlyForDeploymentPostprocessing = 0;
		};
/* End PBXSourcesBuildPhase section */

/* Begin PBXTargetDependency section */
		5F04844F2A37F83F00EAC290 /* PBXTargetDependency */ = {
			isa = PBXTargetDependency;
			target = 5F04843C2A37F83E00EAC290 /* HouseScrapping */;
			targetProxy = 5F04844E2A37F83F00EAC290 /* PBXContainerItemProxy */;
		};
		5F0484592A37F83F00EAC290 /* PBXTargetDependency */ = {
			isa = PBXTargetDependency;
			target = 5F04843C2A37F83E00EAC290 /* HouseScrapping */;
			targetProxy = 5F0484582A37F83F00EAC290 /* PBXContainerItemProxy */;
		};
/* End PBXTargetDependency section */

/* Begin XCBuildConfiguration section */
		5F04845F2A37F83F00EAC290 /* Debug */ = {
			isa = XCBuildConfiguration;
			buildSettings = {
				ALWAYS_SEARCH_USER_PATHS = NO;
				CLANG_ANALYZER_NONNULL = YES;
				CLANG_ANALYZER_NUMBER_OBJECT_CONVERSION = YES_AGGRESSIVE;
				CLANG_CXX_LANGUAGE_STANDARD = "gnu++20";
				CLANG_ENABLE_MODULES = YES;
				CLANG_ENABLE_OBJC_ARC = YES;
				CLANG_ENABLE_OBJC_WEAK = YES;
				CLANG_WARN_BLOCK_CAPTURE_AUTORELEASING = YES;
				CLANG_WARN_BOOL_CONVERSION = YES;
				CLANG_WARN_COMMA = YES;
				CLANG_WARN_CONSTANT_CONVERSION = YES;
				CLANG_WARN_DEPRECATED_OBJC_IMPLEMENTATIONS = YES;
				CLANG_WARN_DIRECT_OBJC_ISA_USAGE = YES_ERROR;
				CLANG_WARN_DOCUMENTATION_COMMENTS = YES;
				CLANG_WARN_EMPTY_BODY = YES;
				CLANG_WARN_ENUM_CONVERSION = YES;
				CLANG_WARN_INFINITE_RECURSION = YES;
				CLANG_WARN_INT_CONVERSION = YES;
				CLANG_WARN_NON_LITERAL_NULL_CONVERSION = YES;
				CLANG_WARN_OBJC_IMPLICIT_RETAIN_SELF = YES;
				CLANG_WARN_OBJC_LITERAL_CONVERSION = YES;
				CLANG_WARN_OBJC_ROOT_CLASS = YES_ERROR;
				CLANG_WARN_QUOTED_INCLUDE_IN_FRAMEWORK_HEADER = YES;
				CLANG_WARN_RANGE_LOOP_ANALYSIS = YES;
				CLANG_WARN_STRICT_PROTOTYPES = YES;
				CLANG_WARN_SUSPICIOUS_MOVE = YES;
				CLANG_WARN_UNGUARDED_AVAILABILITY = YES_AGGRESSIVE;
				CLANG_WARN_UNREACHABLE_CODE = YES;
				CLANG_WARN__DUPLICATE_METHOD_MATCH = YES;
				COPY_PHASE_STRIP = NO;
				DEBUG_INFORMATION_FORMAT = dwarf;
				ENABLE_STRICT_OBJC_MSGSEND = YES;
				ENABLE_TESTABILITY = YES;
				GCC_C_LANGUAGE_STANDARD = gnu11;
				GCC_DYNAMIC_NO_PIC = NO;
				GCC_NO_COMMON_BLOCKS = YES;
				GCC_OPTIMIZATION_LEVEL = 0;
				GCC_PREPROCESSOR_DEFINITIONS = (
					"DEBUG=1",
					"$(inherited)",
				);
				GCC_WARN_64_TO_32_BIT_CONVERSION = YES;
				GCC_WARN_ABOUT_RETURN_TYPE = YES_ERROR;
				GCC_WARN_UNDECLARED_SELECTOR = YES;
				GCC_WARN_UNINITIALIZED_AUTOS = YES_AGGRESSIVE;
				GCC_WARN_UNUSED_FUNCTION = YES;
				GCC_WARN_UNUSED_VARIABLE = YES;
				IPHONEOS_DEPLOYMENT_TARGET = 16.2;
				MTL_ENABLE_DEBUG_INFO = INCLUDE_SOURCE;
				MTL_FAST_MATH = YES;
				ONLY_ACTIVE_ARCH = YES;
				SDKROOT = iphoneos;
				SWIFT_ACTIVE_COMPILATION_CONDITIONS = DEBUG;
				SWIFT_OPTIMIZATION_LEVEL = "-Onone";
			};
			name = Debug;
		};
		5F0484602A37F83F00EAC290 /* Release */ = {
			isa = XCBuildConfiguration;
			buildSettings = {
				ALWAYS_SEARCH_USER_PATHS = NO;
				CLANG_ANALYZER_NONNULL = YES;
				CLANG_ANALYZER_NUMBER_OBJECT_CONVERSION = YES_AGGRESSIVE;
				CLANG_CXX_LANGUAGE_STANDARD = "gnu++20";
				CLANG_ENABLE_MODULES = YES;
				CLANG_ENABLE_OBJC_ARC = YES;
				CLANG_ENABLE_OBJC_WEAK = YES;
				CLANG_WARN_BLOCK_CAPTURE_AUTORELEASING = YES;
				CLANG_WARN_BOOL_CONVERSION = YES;
				CLANG_WARN_COMMA = YES;
				CLANG_WARN_CONSTANT_CONVERSION = YES;
				CLANG_WARN_DEPRECATED_OBJC_IMPLEMENTATIONS = YES;
				CLANG_WARN_DIRECT_OBJC_ISA_USAGE = YES_ERROR;
				CLANG_WARN_DOCUMENTATION_COMMENTS = YES;
				CLANG_WARN_EMPTY_BODY = YES;
				CLANG_WARN_ENUM_CONVERSION = YES;
				CLANG_WARN_INFINITE_RECURSION = YES;
				CLANG_WARN_INT_CONVERSION = YES;
				CLANG_WARN_NON_LITERAL_NULL_CONVERSION = YES;
				CLANG_WARN_OBJC_IMPLICIT_RETAIN_SELF = YES;
				CLANG_WARN_OBJC_LITERAL_CONVERSION = YES;
				CLANG_WARN_OBJC_ROOT_CLASS = YES_ERROR;
				CLANG_WARN_QUOTED_INCLUDE_IN_FRAMEWORK_HEADER = YES;
				CLANG_WARN_RANGE_LOOP_ANALYSIS = YES;
				CLANG_WARN_STRICT_PROTOTYPES = YES;
				CLANG_WARN_SUSPICIOUS_MOVE = YES;
				CLANG_WARN_UNGUARDED_AVAILABILITY = YES_AGGRESSIVE;
				CLANG_WARN_UNREACHABLE_CODE = YES;
				CLANG_WARN__DUPLICATE_METHOD_MATCH = YES;
				COPY_PHASE_STRIP = NO;
				DEBUG_INFORMATION_FORMAT = "dwarf-with-dsym";
				ENABLE_NS_ASSERTIONS = NO;
				ENABLE_STRICT_OBJC_MSGSEND = YES;
				GCC_C_LANGUAGE_STANDARD = gnu11;
				GCC_NO_COMMON_BLOCKS = YES;
				GCC_WARN_64_TO_32_BIT_CONVERSION = YES;
				GCC_WARN_ABOUT_RETURN_TYPE = YES_ERROR;
				GCC_WARN_UNDECLARED_SELECTOR = YES;
				GCC_WARN_UNINITIALIZED_AUTOS = YES_AGGRESSIVE;
				GCC_WARN_UNUSED_FUNCTION = YES;
				GCC_WARN_UNUSED_VARIABLE = YES;
				IPHONEOS_DEPLOYMENT_TARGET = 16.2;
				MTL_ENABLE_DEBUG_INFO = NO;
				MTL_FAST_MATH = YES;
				SDKROOT = iphoneos;
				SWIFT_COMPILATION_MODE = wholemodule;
				SWIFT_OPTIMIZATION_LEVEL = "-O";
				VALIDATE_PRODUCT = YES;
			};
			name = Release;
		};
		5F0484622A37F83F00EAC290 /* Debug */ = {
			isa = XCBuildConfiguration;
			buildSettings = {
				ASSETCATALOG_COMPILER_APPICON_NAME = AppIcon;
				ASSETCATALOG_COMPILER_GLOBAL_ACCENT_COLOR_NAME = AccentColor;
				CODE_SIGN_STYLE = Automatic;
				CURRENT_PROJECT_VERSION = 1;
				DEVELOPMENT_ASSET_PATHS = "\"HouseScrapping/Preview Content\"";
				ENABLE_PREVIEWS = YES;
				GENERATE_INFOPLIST_FILE = YES;
				INFOPLIST_KEY_CFBundleDisplayName = housingScrapper;
				INFOPLIST_KEY_UIApplicationSceneManifest_Generation = YES;
				INFOPLIST_KEY_UIApplicationSupportsIndirectInputEvents = YES;
				INFOPLIST_KEY_UILaunchScreen_Generation = YES;
				INFOPLIST_KEY_UILaunchStoryboardName = "Launch Screen.storyboard";
				INFOPLIST_KEY_UISupportedInterfaceOrientations = UIInterfaceOrientationPortrait;
				INFOPLIST_KEY_UISupportedInterfaceOrientations_iPad = "UIInterfaceOrientationPortrait UIInterfaceOrientationPortraitUpsideDown";
				LD_RUNPATH_SEARCH_PATHS = (
					"$(inherited)",
					"@executable_path/Frameworks",
				);
				MARKETING_VERSION = 1.0;
				PRODUCT_BUNDLE_IDENTIFIER = justin.ToDoList;
				PRODUCT_NAME = "$(TARGET_NAME)";
				SWIFT_EMIT_LOC_STRINGS = YES;
				SWIFT_VERSION = 5.0;
				TARGETED_DEVICE_FAMILY = "1,2";
			};
			name = Debug;
		};
		5F0484632A37F83F00EAC290 /* Release */ = {
			isa = XCBuildConfiguration;
			buildSettings = {
				ASSETCATALOG_COMPILER_APPICON_NAME = AppIcon;
				ASSETCATALOG_COMPILER_GLOBAL_ACCENT_COLOR_NAME = AccentColor;
				CODE_SIGN_STYLE = Automatic;
				CURRENT_PROJECT_VERSION = 1;
				DEVELOPMENT_ASSET_PATHS = "\"HouseScrapping/Preview Content\"";
				ENABLE_PREVIEWS = YES;
				GENERATE_INFOPLIST_FILE = YES;
				INFOPLIST_KEY_CFBundleDisplayName = housingScrapper;
				INFOPLIST_KEY_UIApplicationSceneManifest_Generation = YES;
				INFOPLIST_KEY_UIApplicationSupportsIndirectInputEvents = YES;
				INFOPLIST_KEY_UILaunchScreen_Generation = YES;
				INFOPLIST_KEY_UILaunchStoryboardName = "Launch Screen.storyboard";
				INFOPLIST_KEY_UISupportedInterfaceOrientations = UIInterfaceOrientationPortrait;
				INFOPLIST_KEY_UISupportedInterfaceOrientations_iPad = "UIInterfaceOrientationPortrait UIInterfaceOrientationPortraitUpsideDown";
				LD_RUNPATH_SEARCH_PATHS = (
					"$(inherited)",
					"@executable_path/Frameworks",
				);
				MARKETING_VERSION = 1.0;
				PRODUCT_BUNDLE_IDENTIFIER = justin.ToDoList;
				PRODUCT_NAME = "$(TARGET_NAME)";
				SWIFT_EMIT_LOC_STRINGS = YES;
				SWIFT_VERSION = 5.0;
				TARGETED_DEVICE_FAMILY = "1,2";
			};
			name = Release;
		};
		5F0484652A37F83F00EAC290 /* Debug */ = {
			isa = XCBuildConfiguration;
			buildSettings = {
				ALWAYS_EMBED_SWIFT_STANDARD_LIBRARIES = YES;
				BUNDLE_LOADER = "$(TEST_HOST)";
				CODE_SIGN_STYLE = Automatic;
				CURRENT_PROJECT_VERSION = 1;
				GENERATE_INFOPLIST_FILE = YES;
				IPHONEOS_DEPLOYMENT_TARGET = 16.2;
				MARKETING_VERSION = 1.0;
				PRODUCT_BUNDLE_IDENTIFIER = justin.ToDoListTests;
				PRODUCT_NAME = "$(TARGET_NAME)";
				SWIFT_EMIT_LOC_STRINGS = NO;
				SWIFT_VERSION = 5.0;
				TARGETED_DEVICE_FAMILY = "1,2";
				TEST_HOST = "$(BUILT_PRODUCTS_DIR)/HouseScrapping.app/$(BUNDLE_EXECUTABLE_FOLDER_PATH)/HouseScrapping";
			};
			name = Debug;
		};
		5F0484662A37F83F00EAC290 /* Release */ = {
			isa = XCBuildConfiguration;
			buildSettings = {
				ALWAYS_EMBED_SWIFT_STANDARD_LIBRARIES = YES;
				BUNDLE_LOADER = "$(TEST_HOST)";
				CODE_SIGN_STYLE = Automatic;
				CURRENT_PROJECT_VERSION = 1;
				GENERATE_INFOPLIST_FILE = YES;
				IPHONEOS_DEPLOYMENT_TARGET = 16.2;
				MARKETING_VERSION = 1.0;
				PRODUCT_BUNDLE_IDENTIFIER = justin.ToDoListTests;
				PRODUCT_NAME = "$(TARGET_NAME)";
				SWIFT_EMIT_LOC_STRINGS = NO;
				SWIFT_VERSION = 5.0;
				TARGETED_DEVICE_FAMILY = "1,2";
				TEST_HOST = "$(BUILT_PRODUCTS_DIR)/HouseScrapping.app/$(BUNDLE_EXECUTABLE_FOLDER_PATH)/HouseScrapping";
			};
			name = Release;
		};
		5F0484682A37F83F00EAC290 /* Debug */ = {
			isa = XCBuildConfiguration;
			buildSettings = {
				ALWAYS_EMBED_SWIFT_STANDARD_LIBRARIES = YES;
				CODE_SIGN_STYLE = Automatic;
				CURRENT_PROJECT_VERSION = 1;
				GENERATE_INFOPLIST_FILE = YES;
				MARKETING_VERSION = 1.0;
				PRODUCT_BUNDLE_IDENTIFIER = justin.ToDoListUITests;
				PRODUCT_NAME = "$(TARGET_NAME)";
				SWIFT_EMIT_LOC_STRINGS = NO;
				SWIFT_VERSION = 5.0;
				TARGETED_DEVICE_FAMILY = "1,2";
				TEST_TARGET_NAME = ToDoList;
			};
			name = Debug;
		};
		5F0484692A37F83F00EAC290 /* Release */ = {
			isa = XCBuildConfiguration;
			buildSettings = {
				ALWAYS_EMBED_SWIFT_STANDARD_LIBRARIES = YES;
				CODE_SIGN_STYLE = Automatic;
				CURRENT_PROJECT_VERSION = 1;
				GENERATE_INFOPLIST_FILE = YES;
				MARKETING_VERSION = 1.0;
				PRODUCT_BUNDLE_IDENTIFIER = justin.ToDoListUITests;
				PRODUCT_NAME = "$(TARGET_NAME)";
				SWIFT_EMIT_LOC_STRINGS = NO;
				SWIFT_VERSION = 5.0;
				TARGETED_DEVICE_FAMILY = "1,2";
				TEST_TARGET_NAME = ToDoList;
			};
			name = Release;
		};
/* End XCBuildConfiguration section */

/* Begin XCConfigurationList section */
		5F0484382A37F83E00EAC290 /* Build configuration list for PBXProject "HouseScrapping" */ = {
			isa = XCConfigurationList;
			buildConfigurations = (
				5F04845F2A37F83F00EAC290 /* Debug */,
				5F0484602A37F83F00EAC290 /* Release */,
			);
			defaultConfigurationIsVisible = 0;
			defaultConfigurationName = Release;
		};
		5F0484612A37F83F00EAC290 /* Build configuration list for PBXNativeTarget "HouseScrapping" */ = {
			isa = XCConfigurationList;
			buildConfigurations = (
				5F0484622A37F83F00EAC290 /* Debug */,
				5F0484632A37F83F00EAC290 /* Release */,
			);
			defaultConfigurationIsVisible = 0;
			defaultConfigurationName = Release;
		};
		5F0484642A37F83F00EAC290 /* Build configuration list for PBXNativeTarget "HouseScrappingTests" */ = {
			isa = XCConfigurationList;
			buildConfigurations = (
				5F0484652A37F83F00EAC290 /* Debug */,
				5F0484662A37F83F00EAC290 /* Release */,
			);
			defaultConfigurationIsVisible = 0;
			defaultConfigurationName = Release;
		};
		5F0484672A37F83F00EAC290 /* Build configuration list for PBXNativeTarget "HouseScrappingUITests" */ = {
			isa = XCConfigurationList;
			buildConfigurations = (
				5F0484682A37F83F00EAC290 /* Debug */,
				5F0484692A37F83F00EAC290 /* Release */,
			);
			defaultConfigurationIsVisible = 0;
			defaultConfigurationName = Release;
		};
/* End XCConfigurationList section */

/* Begin XCRemoteSwiftPackageReference section */
		5F04846A2A37FADB00EAC290 /* XCRemoteSwiftPackageReference "firebase-ios-sdk" */ = {
			isa = XCRemoteSwiftPackageReference;
			repositoryURL = "https://github.com/firebase/firebase-ios-sdk";
			requirement = {
				kind = upToNextMajorVersion;
				minimumVersion = 9.0.0;
			};
		};
		5FEE923A2A550EC3001BA995 /* XCRemoteSwiftPackageReference "CountdownView" */ = {
			isa = XCRemoteSwiftPackageReference;
			repositoryURL = "https://github.com/kukushechkin/CountdownView";
			requirement = {
				branch = master;
				kind = branch;
			};
		};
/* End XCRemoteSwiftPackageReference section */

/* Begin XCSwiftPackageProductDependency section */
		5F04846B2A37FADC00EAC290 /* FirebaseAuth */ = {
			isa = XCSwiftPackageProductDependency;
			package = 5F04846A2A37FADB00EAC290 /* XCRemoteSwiftPackageReference "firebase-ios-sdk" */;
			productName = FirebaseAuth;
		};
		5F04846D2A37FADC00EAC290 /* FirebaseFirestore */ = {
			isa = XCSwiftPackageProductDependency;
			package = 5F04846A2A37FADB00EAC290 /* XCRemoteSwiftPackageReference "firebase-ios-sdk" */;
			productName = FirebaseFirestore;
		};
		5F04846F2A37FADC00EAC290 /* FirebaseFirestoreSwift */ = {
			isa = XCSwiftPackageProductDependency;
			package = 5F04846A2A37FADB00EAC290 /* XCRemoteSwiftPackageReference "firebase-ios-sdk" */;
			productName = FirebaseFirestoreSwift;
		};
		5FEE923B2A550EC3001BA995 /* CountdownView */ = {
			isa = XCSwiftPackageProductDependency;
			package = 5FEE923A2A550EC3001BA995 /* XCRemoteSwiftPackageReference "CountdownView" */;
			productName = CountdownView;
		};
		5FF0D7392A4F54A8004FC0F9 /* FirebaseStorage */ = {
			isa = XCSwiftPackageProductDependency;
			package = 5F04846A2A37FADB00EAC290 /* XCRemoteSwiftPackageReference "firebase-ios-sdk" */;
			productName = FirebaseStorage;
		};
/* End XCSwiftPackageProductDependency section */
	};
	rootObject = 5F0484352A37F83E00EAC290 /* Project object */;
}
